
Microsoft Visual Studio Solution File, Format Version 12.00
# Visual Studio 15
VisualStudioVersion = 15.0.27703.2018
MinimumVisualStudioVersion = 10.0.40219.1
Project("{FAE04EC0-301F-11D3-BF4B-00C04F79EFBC}") = "t1_AddNums", "t1_AddNums\t1_AddNums.csproj", "{8F91EB62-9FB6-4D93-939C-AF6D8C291CD6}"
EndProject
Project("{FAE04EC0-301F-11D3-BF4B-00C04F79EFBC}") = "t2_Year2Century", "t2_Year2Century\t2_Year2Century.csproj", "{09A945ED-75E3-4C19-ACEA-13EF2B25CD75}"
EndProject
Project("{FAE04EC0-301F-11D3-BF4B-00C04F79EFBC}") = "t3_PalindromeString", "t3_PalindromeString\t3_PalindromeString.csproj", "{C1D199A4-AC9C-4CFA-ADC5-C033C56CD20F}"
EndProject
Project("{FAE04EC0-301F-11D3-BF4B-00C04F79EFBC}") = "t4_AdjElProd", "t4_AdjElProd\t4_AdjElProd.csproj", "{E62E7928-5D20-4211-B571-D71248048D0C}"
EndProject
Project("{FAE04EC0-301F-11D3-BF4B-00C04F79EFBC}") = "t5_ShapeArea", "t5_ShapeArea\t5_ShapeArea.csproj", "{9983AD30-3694-4D29-B213-630E72DD2883}"
EndProject
Global
	GlobalSection(SolutionConfigurationPlatforms) = preSolution
		Debug|Any CPU = Debug|Any CPU
		Release|Any CPU = Release|Any CPU
	EndGlobalSection
	GlobalSection(ProjectConfigurationPlatforms) = postSolution
		{8F91EB62-9FB6-4D93-939C-AF6D8C291CD6}.Debug|Any CPU.ActiveCfg = Debug|Any CPU
		{8F91EB62-9FB6-4D93-939C-AF6D8C291CD6}.Debug|Any CPU.Build.0 = Debug|Any CPU
		{8F91EB62-9FB6-4D93-939C-AF6D8C291CD6}.Release|Any CPU.ActiveCfg = Release|Any CPU
		{8F91EB62-9FB6-4D93-939C-AF6D8C291CD6}.Release|Any CPU.Build.0 = Release|Any CPU
		{09A945ED-75E3-4C19-ACEA-13EF2B25CD75}.Debug|Any CPU.ActiveCfg = Debug|Any CPU
		{09A945ED-75E3-4C19-ACEA-13EF2B25CD75}.Debug|Any CPU.Build.0 = Debug|Any CPU
		{09A945ED-75E3-4C19-ACEA-13EF2B25CD75}.Release|Any CPU.ActiveCfg = Release|Any CPU
		{09A945ED-75E3-4C19-ACEA-13EF2B25CD75}.Release|Any CPU.Build.0 = Release|Any CPU
		{C1D199A4-AC9C-4CFA-ADC5-C033C56CD20F}.Debug|Any CPU.ActiveCfg = Debug|Any CPU
		{C1D199A4-AC9C-4CFA-ADC5-C033C56CD20F}.Debug|Any CPU.Build.0 = Debug|Any CPU
		{C1D199A4-AC9C-4CFA-ADC5-C033C56CD20F}.Release|Any CPU.ActiveCfg = Release|Any CPU
		{C1D199A4-AC9C-4CFA-ADC5-C033C56CD20F}.Release|Any CPU.Build.0 = Release|Any CPU
		{E62E7928-5D20-4211-B571-D71248048D0C}.Debug|Any CPU.ActiveCfg = Debug|Any CPU
		{E62E7928-5D20-4211-B571-D71248048D0C}.Debug|Any CPU.Build.0 = Debug|Any CPU
		{E62E7928-5D20-4211-B571-D71248048D0C}.Release|Any CPU.ActiveCfg = Release|Any CPU
		{E62E7928-5D20-4211-B571-D71248048D0C}.Release|Any CPU.Build.0 = Release|Any CPU
		{9983AD30-3694-4D29-B213-630E72DD2883}.Debug|Any CPU.ActiveCfg = Debug|Any CPU
		{9983AD30-3694-4D29-B213-630E72DD2883}.Debug|Any CPU.Build.0 = Debug|Any CPU
		{9983AD30-3694-4D29-B213-630E72DD2883}.Release|Any CPU.ActiveCfg = Release|Any CPU
		{9983AD30-3694-4D29-B213-630E72DD2883}.Release|Any CPU.Build.0 = Release|Any CPU
	EndGlobalSection
	GlobalSection(SolutionProperties) = preSolution
		HideSolutionNode = FALSE
	EndGlobalSection
	GlobalSection(ExtensibilityGlobals) = postSolution
		SolutionGuid = {388C19B8-8D76-48D0-913C-E66CC27D401E}
	EndGlobalSection
EndGlobal
